
Microsoft Visual Studio Solution File, Format Version 12.00
# Visual Studio Version 17
VisualStudioVersion = 17.5.33530.505
MinimumVisualStudioVersion = 10.0.40219.1
Project("{FAE04EC0-301F-11D3-BF4B-00C04F79EFBC}") = "ASPNETCoreAppOne", "ASPNETCoreAppOne\ASPNETCoreAppOne.csproj", "{C6F264DB-CB22-42A2-828D-9F8C07E32293}"
EndProject
Global
	GlobalSection(SolutionConfigurationPlatforms) = preSolution
		Debug|Any CPU = Debug|Any CPU
		Release|Any CPU = Release|Any CPU
	EndGlobalSection
	GlobalSection(ProjectConfigurationPlatforms) = postSolution
		{C6F264DB-CB22-42A2-828D-9F8C07E32293}.Debug|Any CPU.ActiveCfg = Debug|Any CPU
		{C6F264DB-CB22-42A2-828D-9F8C07E32293}.Debug|Any CPU.Build.0 = Debug|Any CPU
		{C6F264DB-CB22-42A2-828D-9F8C07E32293}.Release|Any CPU.ActiveCfg = Release|Any CPU
		{C6F264DB-CB22-42A2-828D-9F8C07E32293}.Release|Any CPU.Build.0 = Release|Any CPU
	EndGlobalSection
	GlobalSection(SolutionProperties) = preSolution
		HideSolutionNode = FALSE
	EndGlobalSection
	GlobalSection(ExtensibilityGlobals) = postSolution
		SolutionGuid = {CC009A21-AF9F-424C-8E99-E2EA99DFD765}
	EndGlobalSection
EndGlobal
